
Microsoft Visual Studio Solution File, Format Version 12.00
# Visual Studio Version 17
VisualStudioVersion = 17.2.32616.157
MinimumVisualStudioVersion = 10.0.40219.1
Project("{FAE04EC0-301F-11D3-BF4B-00C04F79EFBC}") = "WPF_CellAutomats", "WPF_CellAutomats\WPF_CellAutomats.csproj", "{CDBCC50D-7233-4FC6-B969-0A48A08B9883}"
EndProject
Global
	GlobalSection(SolutionConfigurationPlatforms) = preSolution
		Debug|Any CPU = Debug|Any CPU
		Release|Any CPU = Release|Any CPU
	EndGlobalSection
	GlobalSection(ProjectConfigurationPlatforms) = postSolution
		{CDBCC50D-7233-4FC6-B969-0A48A08B9883}.Debug|Any CPU.ActiveCfg = Debug|Any CPU
		{CDBCC50D-7233-4FC6-B969-0A48A08B9883}.Debug|Any CPU.Build.0 = Debug|Any CPU
		{CDBCC50D-7233-4FC6-B969-0A48A08B9883}.Release|Any CPU.ActiveCfg = Release|Any CPU
		{CDBCC50D-7233-4FC6-B969-0A48A08B9883}.Release|Any CPU.Build.0 = Release|Any CPU
	EndGlobalSection
	GlobalSection(SolutionProperties) = preSolution
		HideSolutionNode = FALSE
	EndGlobalSection
	GlobalSection(ExtensibilityGlobals) = postSolution
		SolutionGuid = {6A576292-39B0-4036-991F-A63CF0812101}
	EndGlobalSection
EndGlobal
