
Microsoft Visual Studio Solution File, Format Version 12.00
# Visual Studio Version 17
VisualStudioVersion = 17.2.32616.157
MinimumVisualStudioVersion = 10.0.40219.1
Project("{9A19103F-16F7-4668-BE54-9A1E7A4F7556}") = "GameLifeConsole", "GameLifeConsole\GameLifeConsole\GameLifeConsole.csproj", "{FBED6817-977E-41FC-99C0-FF6E11689543}"
EndProject
Project("{9A19103F-16F7-4668-BE54-9A1E7A4F7556}") = "Project.Core", "Project.Core\Project.Core.csproj", "{F0CFE9C1-880E-44DB-8F44-AAFCB95C31E4}"
EndProject
Project("{9A19103F-16F7-4668-BE54-9A1E7A4F7556}") = "Wpf_App", "huyna\Wpf_App.csproj", "{F6880001-10BC-40AB-9267-0413734455DD}"
EndProject
Global
	GlobalSection(SolutionConfigurationPlatforms) = preSolution
		Debug|Any CPU = Debug|Any CPU
		Release|Any CPU = Release|Any CPU
	EndGlobalSection
	GlobalSection(ProjectConfigurationPlatforms) = postSolution
		{FBED6817-977E-41FC-99C0-FF6E11689543}.Debug|Any CPU.ActiveCfg = Debug|Any CPU
		{FBED6817-977E-41FC-99C0-FF6E11689543}.Debug|Any CPU.Build.0 = Debug|Any CPU
		{FBED6817-977E-41FC-99C0-FF6E11689543}.Release|Any CPU.ActiveCfg = Release|Any CPU
		{FBED6817-977E-41FC-99C0-FF6E11689543}.Release|Any CPU.Build.0 = Release|Any CPU
		{F0CFE9C1-880E-44DB-8F44-AAFCB95C31E4}.Debug|Any CPU.ActiveCfg = Debug|Any CPU
		{F0CFE9C1-880E-44DB-8F44-AAFCB95C31E4}.Debug|Any CPU.Build.0 = Debug|Any CPU
		{F0CFE9C1-880E-44DB-8F44-AAFCB95C31E4}.Release|Any CPU.ActiveCfg = Release|Any CPU
		{F0CFE9C1-880E-44DB-8F44-AAFCB95C31E4}.Release|Any CPU.Build.0 = Release|Any CPU
		{F6880001-10BC-40AB-9267-0413734455DD}.Debug|Any CPU.ActiveCfg = Debug|Any CPU
		{F6880001-10BC-40AB-9267-0413734455DD}.Debug|Any CPU.Build.0 = Debug|Any CPU
		{F6880001-10BC-40AB-9267-0413734455DD}.Release|Any CPU.ActiveCfg = Release|Any CPU
		{F6880001-10BC-40AB-9267-0413734455DD}.Release|Any CPU.Build.0 = Release|Any CPU
	EndGlobalSection
	GlobalSection(SolutionProperties) = preSolution
		HideSolutionNode = FALSE
	EndGlobalSection
	GlobalSection(ExtensibilityGlobals) = postSolution
		SolutionGuid = {6A576292-39B0-4036-991F-A63CF0812101}
	EndGlobalSection
EndGlobal
